
Microsoft Visual Studio Solution File, Format Version 12.00
# Visual Studio Version 16
VisualStudioVersion = 16.0.29424.173
MinimumVisualStudioVersion = 10.0.40219.1
Project("{FAE04EC0-301F-11D3-BF4B-00C04F79EFBC}") = "Sealed", "Sealed.csproj", "{59D1A29E-DFC1-4D89-85CE-5FFA884D70CC}"
EndProject
Global
	GlobalSection(SolutionConfigurationPlatforms) = preSolution
		Debug|Any CPU = Debug|Any CPU
		Release|Any CPU = Release|Any CPU
	EndGlobalSection
	GlobalSection(ProjectConfigurationPlatforms) = postSolution
		{59D1A29E-DFC1-4D89-85CE-5FFA884D70CC}.Debug|Any CPU.ActiveCfg = Debug|Any CPU
		{59D1A29E-DFC1-4D89-85CE-5FFA884D70CC}.Debug|Any CPU.Build.0 = Debug|Any CPU
		{59D1A29E-DFC1-4D89-85CE-5FFA884D70CC}.Release|Any CPU.ActiveCfg = Release|Any CPU
		{59D1A29E-DFC1-4D89-85CE-5FFA884D70CC}.Release|Any CPU.Build.0 = Release|Any CPU
	EndGlobalSection
	GlobalSection(SolutionProperties) = preSolution
		HideSolutionNode = FALSE
	EndGlobalSection
	GlobalSection(ExtensibilityGlobals) = postSolution
		SolutionGuid = {38D5EBA3-88D8-47AD-A36D-9D509B982484}
	EndGlobalSection
EndGlobal
