
Microsoft Visual Studio Solution File, Format Version 12.00
# Visual Studio Version 16
VisualStudioVersion = 16.0.29424.173
MinimumVisualStudioVersion = 10.0.40219.1
Project("{FAE04EC0-301F-11D3-BF4B-00C04F79EFBC}") = "Static Polymorphism", "Static Polymorphism.csproj", "{D3649E21-F361-4CE6-AB3A-108B3F794897}"
EndProject
Global
	GlobalSection(SolutionConfigurationPlatforms) = preSolution
		Debug|Any CPU = Debug|Any CPU
		Release|Any CPU = Release|Any CPU
	EndGlobalSection
	GlobalSection(ProjectConfigurationPlatforms) = postSolution
		{D3649E21-F361-4CE6-AB3A-108B3F794897}.Debug|Any CPU.ActiveCfg = Debug|Any CPU
		{D3649E21-F361-4CE6-AB3A-108B3F794897}.Debug|Any CPU.Build.0 = Debug|Any CPU
		{D3649E21-F361-4CE6-AB3A-108B3F794897}.Release|Any CPU.ActiveCfg = Release|Any CPU
		{D3649E21-F361-4CE6-AB3A-108B3F794897}.Release|Any CPU.Build.0 = Release|Any CPU
	EndGlobalSection
	GlobalSection(SolutionProperties) = preSolution
		HideSolutionNode = FALSE
	EndGlobalSection
	GlobalSection(ExtensibilityGlobals) = postSolution
		SolutionGuid = {D3BF6D3A-8E4B-4495-BA56-F93DEFA065DB}
	EndGlobalSection
EndGlobal
