
Microsoft Visual Studio Solution File, Format Version 12.00
# Visual Studio Version 16
VisualStudioVersion = 16.0.29424.173
MinimumVisualStudioVersion = 10.0.40219.1
Project("{FAE04EC0-301F-11D3-BF4B-00C04F79EFBC}") = "Case_Statement", "Case_Statement.csproj", "{048BB15A-2748-48D6-95F9-2B049B09F6B8}"
EndProject
Global
	GlobalSection(SolutionConfigurationPlatforms) = preSolution
		Debug|Any CPU = Debug|Any CPU
		Release|Any CPU = Release|Any CPU
	EndGlobalSection
	GlobalSection(ProjectConfigurationPlatforms) = postSolution
		{048BB15A-2748-48D6-95F9-2B049B09F6B8}.Debug|Any CPU.ActiveCfg = Debug|Any CPU
		{048BB15A-2748-48D6-95F9-2B049B09F6B8}.Debug|Any CPU.Build.0 = Debug|Any CPU
		{048BB15A-2748-48D6-95F9-2B049B09F6B8}.Release|Any CPU.ActiveCfg = Release|Any CPU
		{048BB15A-2748-48D6-95F9-2B049B09F6B8}.Release|Any CPU.Build.0 = Release|Any CPU
	EndGlobalSection
	GlobalSection(SolutionProperties) = preSolution
		HideSolutionNode = FALSE
	EndGlobalSection
	GlobalSection(ExtensibilityGlobals) = postSolution
		SolutionGuid = {180C555C-EB96-4CE8-B13A-A23F33D96ED1}
	EndGlobalSection
EndGlobal
