
Microsoft Visual Studio Solution File, Format Version 12.00
# Visual Studio Version 16
VisualStudioVersion = 16.0.29424.173
MinimumVisualStudioVersion = 10.0.40219.1
Project("{FAE04EC0-301F-11D3-BF4B-00C04F79EFBC}") = "OrganisationBLL", "OrganisationBLL\OrganisationBLL.csproj", "{C6B194DC-FB7F-44D3-A4CB-E9F598436520}"
EndProject
Project("{FAE04EC0-301F-11D3-BF4B-00C04F79EFBC}") = "OrganisationConsoleUI", "OrganisationConsoleUI\OrganisationConsoleUI.csproj", "{52A288DC-6C15-475F-9871-317B2F35EACA}"
EndProject
Project("{FAE04EC0-301F-11D3-BF4B-00C04F79EFBC}") = "OrganisationWinAppUI", "OrganisationWinAppUI\OrganisationWinAppUI.csproj", "{777DB400-14F6-4BDF-9C71-31DDE04A76AF}"
EndProject
Project("{FAE04EC0-301F-11D3-BF4B-00C04F79EFBC}") = "OrgStandardLibraryBLL", "OrgStandardLibraryBLL\OrgStandardLibraryBLL.csproj", "{8AB8C0F0-456F-49BF-8227-3DFEAF6AC63D}"
EndProject
Global
	GlobalSection(SolutionConfigurationPlatforms) = preSolution
		Debug|Any CPU = Debug|Any CPU
		Release|Any CPU = Release|Any CPU
	EndGlobalSection
	GlobalSection(ProjectConfigurationPlatforms) = postSolution
		{C6B194DC-FB7F-44D3-A4CB-E9F598436520}.Debug|Any CPU.ActiveCfg = Debug|Any CPU
		{C6B194DC-FB7F-44D3-A4CB-E9F598436520}.Debug|Any CPU.Build.0 = Debug|Any CPU
		{C6B194DC-FB7F-44D3-A4CB-E9F598436520}.Release|Any CPU.ActiveCfg = Release|Any CPU
		{C6B194DC-FB7F-44D3-A4CB-E9F598436520}.Release|Any CPU.Build.0 = Release|Any CPU
		{52A288DC-6C15-475F-9871-317B2F35EACA}.Debug|Any CPU.ActiveCfg = Debug|Any CPU
		{52A288DC-6C15-475F-9871-317B2F35EACA}.Debug|Any CPU.Build.0 = Debug|Any CPU
		{52A288DC-6C15-475F-9871-317B2F35EACA}.Release|Any CPU.ActiveCfg = Release|Any CPU
		{52A288DC-6C15-475F-9871-317B2F35EACA}.Release|Any CPU.Build.0 = Release|Any CPU
		{777DB400-14F6-4BDF-9C71-31DDE04A76AF}.Debug|Any CPU.ActiveCfg = Debug|Any CPU
		{777DB400-14F6-4BDF-9C71-31DDE04A76AF}.Debug|Any CPU.Build.0 = Debug|Any CPU
		{777DB400-14F6-4BDF-9C71-31DDE04A76AF}.Release|Any CPU.ActiveCfg = Release|Any CPU
		{777DB400-14F6-4BDF-9C71-31DDE04A76AF}.Release|Any CPU.Build.0 = Release|Any CPU
		{8AB8C0F0-456F-49BF-8227-3DFEAF6AC63D}.Debug|Any CPU.ActiveCfg = Debug|Any CPU
		{8AB8C0F0-456F-49BF-8227-3DFEAF6AC63D}.Debug|Any CPU.Build.0 = Debug|Any CPU
		{8AB8C0F0-456F-49BF-8227-3DFEAF6AC63D}.Release|Any CPU.ActiveCfg = Release|Any CPU
		{8AB8C0F0-456F-49BF-8227-3DFEAF6AC63D}.Release|Any CPU.Build.0 = Release|Any CPU
	EndGlobalSection
	GlobalSection(SolutionProperties) = preSolution
		HideSolutionNode = FALSE
	EndGlobalSection
	GlobalSection(ExtensibilityGlobals) = postSolution
		SolutionGuid = {21285CD6-C363-413D-948E-F55219162BD4}
	EndGlobalSection
EndGlobal
