
Microsoft Visual Studio Solution File, Format Version 12.00
# Visual Studio Version 16
VisualStudioVersion = 16.0.29424.173
MinimumVisualStudioVersion = 10.0.40219.1
Project("{FAE04EC0-301F-11D3-BF4B-00C04F79EFBC}") = "Abstract Method", "Abstract Method.csproj", "{B72CB833-4019-46D0-8048-200EC78B43BC}"
EndProject
Global
	GlobalSection(SolutionConfigurationPlatforms) = preSolution
		Debug|Any CPU = Debug|Any CPU
		Release|Any CPU = Release|Any CPU
	EndGlobalSection
	GlobalSection(ProjectConfigurationPlatforms) = postSolution
		{B72CB833-4019-46D0-8048-200EC78B43BC}.Debug|Any CPU.ActiveCfg = Debug|Any CPU
		{B72CB833-4019-46D0-8048-200EC78B43BC}.Debug|Any CPU.Build.0 = Debug|Any CPU
		{B72CB833-4019-46D0-8048-200EC78B43BC}.Release|Any CPU.ActiveCfg = Release|Any CPU
		{B72CB833-4019-46D0-8048-200EC78B43BC}.Release|Any CPU.Build.0 = Release|Any CPU
	EndGlobalSection
	GlobalSection(SolutionProperties) = preSolution
		HideSolutionNode = FALSE
	EndGlobalSection
	GlobalSection(ExtensibilityGlobals) = postSolution
		SolutionGuid = {80B542BB-4A62-4210-94DC-06E98FEE786F}
	EndGlobalSection
EndGlobal
