
Microsoft Visual Studio Solution File, Format Version 12.00
# Visual Studio Version 16
VisualStudioVersion = 16.0.29424.173
MinimumVisualStudioVersion = 10.0.40219.1
Project("{FAE04EC0-301F-11D3-BF4B-00C04F79EFBC}") = "2D array", "2D array.csproj", "{09847684-E75A-4711-995A-E90D0787F423}"
EndProject
Global
	GlobalSection(SolutionConfigurationPlatforms) = preSolution
		Debug|Any CPU = Debug|Any CPU
		Release|Any CPU = Release|Any CPU
	EndGlobalSection
	GlobalSection(ProjectConfigurationPlatforms) = postSolution
		{09847684-E75A-4711-995A-E90D0787F423}.Debug|Any CPU.ActiveCfg = Debug|Any CPU
		{09847684-E75A-4711-995A-E90D0787F423}.Debug|Any CPU.Build.0 = Debug|Any CPU
		{09847684-E75A-4711-995A-E90D0787F423}.Release|Any CPU.ActiveCfg = Release|Any CPU
		{09847684-E75A-4711-995A-E90D0787F423}.Release|Any CPU.Build.0 = Release|Any CPU
	EndGlobalSection
	GlobalSection(SolutionProperties) = preSolution
		HideSolutionNode = FALSE
	EndGlobalSection
	GlobalSection(ExtensibilityGlobals) = postSolution
		SolutionGuid = {13AD01F7-A108-4D9C-85BB-A1A5CFA1672B}
	EndGlobalSection
EndGlobal
